
Microsoft Visual Studio Solution File, Format Version 12.00
# Visual Studio Version 17
VisualStudioVersion = 17.3.32825.248
MinimumVisualStudioVersion = 10.0.40219.1
Project("{FAE04EC0-301F-11D3-BF4B-00C04F79EFBC}") = "LoginNurPractica", "LoginNurPractica\LoginNurPractica.csproj", "{A7900C9B-D615-43B5-98E9-929D6C4879C6}"
EndProject
Project("{FAE04EC0-301F-11D3-BF4B-00C04F79EFBC}") = "ServicioEncripta", "ServicioEncripta\ServicioEncripta.csproj", "{364AB30A-9A6D-4A45-BB6B-C3D3CE636937}"
EndProject
Project("{FAE04EC0-301F-11D3-BF4B-00C04F79EFBC}") = "ServicioLog", "ServicioLog\ServicioLog.csproj", "{8D23CDE1-2603-4D52-874E-BD294B356F50}"
EndProject
Global
	GlobalSection(SolutionConfigurationPlatforms) = preSolution
		Debug|Any CPU = Debug|Any CPU
		Release|Any CPU = Release|Any CPU
	EndGlobalSection
	GlobalSection(ProjectConfigurationPlatforms) = postSolution
		{A7900C9B-D615-43B5-98E9-929D6C4879C6}.Debug|Any CPU.ActiveCfg = Debug|Any CPU
		{A7900C9B-D615-43B5-98E9-929D6C4879C6}.Debug|Any CPU.Build.0 = Debug|Any CPU
		{A7900C9B-D615-43B5-98E9-929D6C4879C6}.Release|Any CPU.ActiveCfg = Release|Any CPU
		{A7900C9B-D615-43B5-98E9-929D6C4879C6}.Release|Any CPU.Build.0 = Release|Any CPU
		{364AB30A-9A6D-4A45-BB6B-C3D3CE636937}.Debug|Any CPU.ActiveCfg = Debug|Any CPU
		{364AB30A-9A6D-4A45-BB6B-C3D3CE636937}.Debug|Any CPU.Build.0 = Debug|Any CPU
		{364AB30A-9A6D-4A45-BB6B-C3D3CE636937}.Release|Any CPU.ActiveCfg = Release|Any CPU
		{364AB30A-9A6D-4A45-BB6B-C3D3CE636937}.Release|Any CPU.Build.0 = Release|Any CPU
		{8D23CDE1-2603-4D52-874E-BD294B356F50}.Debug|Any CPU.ActiveCfg = Debug|Any CPU
		{8D23CDE1-2603-4D52-874E-BD294B356F50}.Debug|Any CPU.Build.0 = Debug|Any CPU
		{8D23CDE1-2603-4D52-874E-BD294B356F50}.Release|Any CPU.ActiveCfg = Release|Any CPU
		{8D23CDE1-2603-4D52-874E-BD294B356F50}.Release|Any CPU.Build.0 = Release|Any CPU
	EndGlobalSection
	GlobalSection(SolutionProperties) = preSolution
		HideSolutionNode = FALSE
	EndGlobalSection
	GlobalSection(ExtensibilityGlobals) = postSolution
		SolutionGuid = {59D000A6-F5E6-4424-AC65-A1A5200D8358}
	EndGlobalSection
EndGlobal
